
Microsoft Visual Studio Solution File, Format Version 12.00
# Visual Studio 15
VisualStudioVersion = 15.0.28307.1231
MinimumVisualStudioVersion = 10.0.40219.1
Project("{FAE04EC0-301F-11D3-BF4B-00C04F79EFBC}") = "PizzaWebsite", "WebApplication3\PizzaWebsite.csproj", "{B3919940-43CD-4A20-9D9C-570AFC17BA02}"
EndProject
Project("{FAE04EC0-301F-11D3-BF4B-00C04F79EFBC}") = "Utilities", "..\Utilities\Utilities\Utilities.csproj", "{614CD540-119E-4E0D-BA6C-558F00F7E6A5}"
EndProject
Project("{FAE04EC0-301F-11D3-BF4B-00C04F79EFBC}") = "Homepage", "Homepage\Homepage.csproj", "{3D06A485-F153-459C-B5F1-921CBFDD9CE6}"
EndProject
Global
	GlobalSection(SolutionConfigurationPlatforms) = preSolution
		Debug|Any CPU = Debug|Any CPU
		Release|Any CPU = Release|Any CPU
	EndGlobalSection
	GlobalSection(ProjectConfigurationPlatforms) = postSolution
		{B3919940-43CD-4A20-9D9C-570AFC17BA02}.Debug|Any CPU.ActiveCfg = Debug|Any CPU
		{B3919940-43CD-4A20-9D9C-570AFC17BA02}.Debug|Any CPU.Build.0 = Debug|Any CPU
		{B3919940-43CD-4A20-9D9C-570AFC17BA02}.Release|Any CPU.ActiveCfg = Release|Any CPU
		{B3919940-43CD-4A20-9D9C-570AFC17BA02}.Release|Any CPU.Build.0 = Release|Any CPU
		{614CD540-119E-4E0D-BA6C-558F00F7E6A5}.Debug|Any CPU.ActiveCfg = Debug|Any CPU
		{614CD540-119E-4E0D-BA6C-558F00F7E6A5}.Debug|Any CPU.Build.0 = Debug|Any CPU
		{614CD540-119E-4E0D-BA6C-558F00F7E6A5}.Release|Any CPU.ActiveCfg = Release|Any CPU
		{614CD540-119E-4E0D-BA6C-558F00F7E6A5}.Release|Any CPU.Build.0 = Release|Any CPU
		{3D06A485-F153-459C-B5F1-921CBFDD9CE6}.Debug|Any CPU.ActiveCfg = Debug|Any CPU
		{3D06A485-F153-459C-B5F1-921CBFDD9CE6}.Debug|Any CPU.Build.0 = Debug|Any CPU
		{3D06A485-F153-459C-B5F1-921CBFDD9CE6}.Release|Any CPU.ActiveCfg = Release|Any CPU
		{3D06A485-F153-459C-B5F1-921CBFDD9CE6}.Release|Any CPU.Build.0 = Release|Any CPU
	EndGlobalSection
	GlobalSection(SolutionProperties) = preSolution
		HideSolutionNode = FALSE
	EndGlobalSection
	GlobalSection(ExtensibilityGlobals) = postSolution
		SolutionGuid = {4BFECE27-3AB3-4465-BC02-9F5409F848B8}
	EndGlobalSection
EndGlobal
